
Microsoft Visual Studio Solution File, Format Version 12.00
# Visual Studio 15
VisualStudioVersion = 15.0.28010.2003
MinimumVisualStudioVersion = 10.0.40219.1
Project("{FAE04EC0-301F-11D3-BF4B-00C04F79EFBC}") = "ContactsApp", "ContactsApp\ContactsApp.csproj", "{B6C3505C-0453-49FB-83C3-683CEF486D44}"
EndProject
Global
	GlobalSection(SolutionConfigurationPlatforms) = preSolution
		Debug|Any CPU = Debug|Any CPU
		Release|Any CPU = Release|Any CPU
	EndGlobalSection
	GlobalSection(ProjectConfigurationPlatforms) = postSolution
		{B6C3505C-0453-49FB-83C3-683CEF486D44}.Debug|Any CPU.ActiveCfg = Debug|Any CPU
		{B6C3505C-0453-49FB-83C3-683CEF486D44}.Debug|Any CPU.Build.0 = Debug|Any CPU
		{B6C3505C-0453-49FB-83C3-683CEF486D44}.Release|Any CPU.ActiveCfg = Release|Any CPU
		{B6C3505C-0453-49FB-83C3-683CEF486D44}.Release|Any CPU.Build.0 = Release|Any CPU
	EndGlobalSection
	GlobalSection(SolutionProperties) = preSolution
		HideSolutionNode = FALSE
	EndGlobalSection
	GlobalSection(ExtensibilityGlobals) = postSolution
		SolutionGuid = {E2443A02-30A8-4AD5-9A67-4D7E54BD5AA9}
	EndGlobalSection
EndGlobal
